// !$*UTF8*$!
{
	archiveVersion = 1;
	classes = {
	};
	objectVersion = 45;
	objects = {

/* Begin PBXAggregateTarget section */
		FDC7DE7E11D8F2D100F22564 /* megaphone */ = {
			isa = PBXAggregateTarget;
			buildConfigurationList = FDC7DE8A11D8F2F100F22564 /* Build configuration list for PBXAggregateTarget "megaphone" */;
			buildPhases = (
				FDC7DE8611D8F2ED00F22564 /* Merge */,
				FDC7DE9011D8F35100F22564 /* CopyFiles */,
				FDC7DE9211D8F36500F22564 /* Zip */,
			);
			dependencies = (
				FDC7DE8211D8F2E000F22564 /* PBXTargetDependency */,
				FDC7DE8411D8F2E000F22564 /* PBXTargetDependency */,
			);
			name = megaphone;
			productName = megaphone;
		};
/* End PBXAggregateTarget section */

/* Begin PBXBuildFile section */
		AA747D9F0F9514B9006C5449 /* megaphone_Prefix.pch in Headers */ = {isa = PBXBuildFile; fileRef = AA747D9E0F9514B9006C5449 /* megaphone_Prefix.pch */; };
		AACBBE4A0F95108600F1A2B1 /* Foundation.framework in Frameworks */ = {isa = PBXBuildFile; fileRef = AACBBE490F95108600F1A2B1 /* Foundation.framework */; };
		FD0366ED11D7DBFB00537A32 /* MPNotification.h in Headers */ = {isa = PBXBuildFile; fileRef = FD0366EB11D7DBFB00537A32 /* MPNotification.h */; };
		FD0366EE11D7DBFB00537A32 /* MPNotification.m in Sources */ = {isa = PBXBuildFile; fileRef = FD0366EC11D7DBFB00537A32 /* MPNotification.m */; };
		FD0366FD11D7DC4F00537A32 /* JSON.h in Headers */ = {isa = PBXBuildFile; fileRef = FD0366F011D7DC4F00537A32 /* JSON.h */; };
		FD0366FE11D7DC4F00537A32 /* NSObject+SBJSON.h in Headers */ = {isa = PBXBuildFile; fileRef = FD0366F111D7DC4F00537A32 /* NSObject+SBJSON.h */; };
		FD0366FF11D7DC4F00537A32 /* NSObject+SBJSON.m in Sources */ = {isa = PBXBuildFile; fileRef = FD0366F211D7DC4F00537A32 /* NSObject+SBJSON.m */; };
		FD03670011D7DC4F00537A32 /* NSString+SBJSON.h in Headers */ = {isa = PBXBuildFile; fileRef = FD0366F311D7DC4F00537A32 /* NSString+SBJSON.h */; };
		FD03670111D7DC4F00537A32 /* NSString+SBJSON.m in Sources */ = {isa = PBXBuildFile; fileRef = FD0366F411D7DC4F00537A32 /* NSString+SBJSON.m */; };
		FD03670211D7DC4F00537A32 /* SBJSON.h in Headers */ = {isa = PBXBuildFile; fileRef = FD0366F511D7DC4F00537A32 /* SBJSON.h */; };
		FD03670311D7DC4F00537A32 /* SBJSON.m in Sources */ = {isa = PBXBuildFile; fileRef = FD0366F611D7DC4F00537A32 /* SBJSON.m */; };
		FD03670411D7DC4F00537A32 /* SBJsonBase.h in Headers */ = {isa = PBXBuildFile; fileRef = FD0366F711D7DC4F00537A32 /* SBJsonBase.h */; };
		FD03670511D7DC4F00537A32 /* SBJsonBase.m in Sources */ = {isa = PBXBuildFile; fileRef = FD0366F811D7DC4F00537A32 /* SBJsonBase.m */; };
		FD03670611D7DC4F00537A32 /* SBJsonParser.h in Headers */ = {isa = PBXBuildFile; fileRef = FD0366F911D7DC4F00537A32 /* SBJsonParser.h */; };
		FD03670711D7DC4F00537A32 /* SBJsonParser.m in Sources */ = {isa = PBXBuildFile; fileRef = FD0366FA11D7DC4F00537A32 /* SBJsonParser.m */; };
		FD03670811D7DC4F00537A32 /* SBJsonWriter.h in Headers */ = {isa = PBXBuildFile; fileRef = FD0366FB11D7DC4F00537A32 /* SBJsonWriter.h */; };
		FD03670911D7DC4F00537A32 /* SBJsonWriter.m in Sources */ = {isa = PBXBuildFile; fileRef = FD0366FC11D7DC4F00537A32 /* SBJsonWriter.m */; };
		FD03670B11D7E04C00537A32 /* UIKit.framework in Frameworks */ = {isa = PBXBuildFile; fileRef = FD03670A11D7E04C00537A32 /* UIKit.framework */; };
		FDC7DE5511D8EE6D00F22564 /* megaphone_Prefix.pch in Headers */ = {isa = PBXBuildFile; fileRef = AA747D9E0F9514B9006C5449 /* megaphone_Prefix.pch */; };
		FDC7DE5611D8EE6D00F22564 /* MPNotification.h in Headers */ = {isa = PBXBuildFile; fileRef = FD0366EB11D7DBFB00537A32 /* MPNotification.h */; };
		FDC7DE5711D8EE6D00F22564 /* JSON.h in Headers */ = {isa = PBXBuildFile; fileRef = FD0366F011D7DC4F00537A32 /* JSON.h */; };
		FDC7DE5811D8EE6D00F22564 /* NSObject+SBJSON.h in Headers */ = {isa = PBXBuildFile; fileRef = FD0366F111D7DC4F00537A32 /* NSObject+SBJSON.h */; };
		FDC7DE5911D8EE6D00F22564 /* NSString+SBJSON.h in Headers */ = {isa = PBXBuildFile; fileRef = FD0366F311D7DC4F00537A32 /* NSString+SBJSON.h */; };
		FDC7DE5A11D8EE6D00F22564 /* SBJSON.h in Headers */ = {isa = PBXBuildFile; fileRef = FD0366F511D7DC4F00537A32 /* SBJSON.h */; };
		FDC7DE5B11D8EE6D00F22564 /* SBJsonBase.h in Headers */ = {isa = PBXBuildFile; fileRef = FD0366F711D7DC4F00537A32 /* SBJsonBase.h */; };
		FDC7DE5C11D8EE6D00F22564 /* SBJsonParser.h in Headers */ = {isa = PBXBuildFile; fileRef = FD0366F911D7DC4F00537A32 /* SBJsonParser.h */; };
		FDC7DE5D11D8EE6D00F22564 /* SBJsonWriter.h in Headers */ = {isa = PBXBuildFile; fileRef = FD0366FB11D7DC4F00537A32 /* SBJsonWriter.h */; };
		FDC7DE5F11D8EE6D00F22564 /* MPNotification.m in Sources */ = {isa = PBXBuildFile; fileRef = FD0366EC11D7DBFB00537A32 /* MPNotification.m */; };
		FDC7DE6011D8EE6D00F22564 /* NSObject+SBJSON.m in Sources */ = {isa = PBXBuildFile; fileRef = FD0366F211D7DC4F00537A32 /* NSObject+SBJSON.m */; };
		FDC7DE6111D8EE6D00F22564 /* NSString+SBJSON.m in Sources */ = {isa = PBXBuildFile; fileRef = FD0366F411D7DC4F00537A32 /* NSString+SBJSON.m */; };
		FDC7DE6211D8EE6D00F22564 /* SBJSON.m in Sources */ = {isa = PBXBuildFile; fileRef = FD0366F611D7DC4F00537A32 /* SBJSON.m */; };
		FDC7DE6311D8EE6D00F22564 /* SBJsonBase.m in Sources */ = {isa = PBXBuildFile; fileRef = FD0366F811D7DC4F00537A32 /* SBJsonBase.m */; };
		FDC7DE6411D8EE6D00F22564 /* SBJsonParser.m in Sources */ = {isa = PBXBuildFile; fileRef = FD0366FA11D7DC4F00537A32 /* SBJsonParser.m */; };
		FDC7DE6511D8EE6D00F22564 /* SBJsonWriter.m in Sources */ = {isa = PBXBuildFile; fileRef = FD0366FC11D7DC4F00537A32 /* SBJsonWriter.m */; };
		FDC7DE6711D8EE6D00F22564 /* Foundation.framework in Frameworks */ = {isa = PBXBuildFile; fileRef = AACBBE490F95108600F1A2B1 /* Foundation.framework */; };
		FDC7DE6811D8EE6D00F22564 /* UIKit.framework in Frameworks */ = {isa = PBXBuildFile; fileRef = FD03670A11D7E04C00537A32 /* UIKit.framework */; };
		FDC7DE8D11D8F34F00F22564 /* MPNotification.h in CopyFiles */ = {isa = PBXBuildFile; fileRef = FD0366EB11D7DBFB00537A32 /* MPNotification.h */; };
/* End PBXBuildFile section */

/* Begin PBXContainerItemProxy section */
		FDC7DE8111D8F2E000F22564 /* PBXContainerItemProxy */ = {
			isa = PBXContainerItemProxy;
			containerPortal = 0867D690FE84028FC02AAC07 /* Project object */;
			proxyType = 1;
			remoteGlobalIDString = D2AAC07D0554694100DB518D /* megaphone-dev */;
			remoteInfo = "megaphone-dev";
		};
		FDC7DE8311D8F2E000F22564 /* PBXContainerItemProxy */ = {
			isa = PBXContainerItemProxy;
			containerPortal = 0867D690FE84028FC02AAC07 /* Project object */;
			proxyType = 1;
			remoteGlobalIDString = FDC7DE5311D8EE6D00F22564 /* megaphone-sim */;
			remoteInfo = "megaphone-sim";
		};
/* End PBXContainerItemProxy section */

/* Begin PBXCopyFilesBuildPhase section */
		FDC7DE9011D8F35100F22564 /* CopyFiles */ = {
			isa = PBXCopyFilesBuildPhase;
			buildActionMask = 2147483647;
			dstPath = megaphone;
			dstSubfolderSpec = 7;
			files = (
				FDC7DE8D11D8F34F00F22564 /* MPNotification.h in CopyFiles */,
			);
			runOnlyForDeploymentPostprocessing = 0;
		};
/* End PBXCopyFilesBuildPhase section */

/* Begin PBXFileReference section */
		AA747D9E0F9514B9006C5449 /* megaphone_Prefix.pch */ = {isa = PBXFileReference; fileEncoding = 4; lastKnownFileType = sourcecode.c.h; path = megaphone_Prefix.pch; sourceTree = SOURCE_ROOT; };
		AACBBE490F95108600F1A2B1 /* Foundation.framework */ = {isa = PBXFileReference; lastKnownFileType = wrapper.framework; name = Foundation.framework; path = System/Library/Frameworks/Foundation.framework; sourceTree = SDKROOT; };
		D2AAC07E0554694100DB518D /* libmegaphone.a */ = {isa = PBXFileReference; explicitFileType = archive.ar; includeInIndex = 0; path = libmegaphone.a; sourceTree = BUILT_PRODUCTS_DIR; };
		FD0366EB11D7DBFB00537A32 /* MPNotification.h */ = {isa = PBXFileReference; fileEncoding = 4; lastKnownFileType = sourcecode.c.h; path = MPNotification.h; sourceTree = "<group>"; };
		FD0366EC11D7DBFB00537A32 /* MPNotification.m */ = {isa = PBXFileReference; fileEncoding = 4; lastKnownFileType = sourcecode.c.objc; path = MPNotification.m; sourceTree = "<group>"; };
		FD0366F011D7DC4F00537A32 /* JSON.h */ = {isa = PBXFileReference; fileEncoding = 4; lastKnownFileType = sourcecode.c.h; path = JSON.h; sourceTree = "<group>"; };
		FD0366F111D7DC4F00537A32 /* NSObject+SBJSON.h */ = {isa = PBXFileReference; fileEncoding = 4; lastKnownFileType = sourcecode.c.h; path = "NSObject+SBJSON.h"; sourceTree = "<group>"; };
		FD0366F211D7DC4F00537A32 /* NSObject+SBJSON.m */ = {isa = PBXFileReference; fileEncoding = 4; lastKnownFileType = sourcecode.c.objc; path = "NSObject+SBJSON.m"; sourceTree = "<group>"; };
		FD0366F311D7DC4F00537A32 /* NSString+SBJSON.h */ = {isa = PBXFileReference; fileEncoding = 4; lastKnownFileType = sourcecode.c.h; path = "NSString+SBJSON.h"; sourceTree = "<group>"; };
		FD0366F411D7DC4F00537A32 /* NSString+SBJSON.m */ = {isa = PBXFileReference; fileEncoding = 4; lastKnownFileType = sourcecode.c.objc; path = "NSString+SBJSON.m"; sourceTree = "<group>"; };
		FD0366F511D7DC4F00537A32 /* SBJSON.h */ = {isa = PBXFileReference; fileEncoding = 4; lastKnownFileType = sourcecode.c.h; path = SBJSON.h; sourceTree = "<group>"; };
		FD0366F611D7DC4F00537A32 /* SBJSON.m */ = {isa = PBXFileReference; fileEncoding = 4; lastKnownFileType = sourcecode.c.objc; path = SBJSON.m; sourceTree = "<group>"; };
		FD0366F711D7DC4F00537A32 /* SBJsonBase.h */ = {isa = PBXFileReference; fileEncoding = 4; lastKnownFileType = sourcecode.c.h; path = SBJsonBase.h; sourceTree = "<group>"; };
		FD0366F811D7DC4F00537A32 /* SBJsonBase.m */ = {isa = PBXFileReference; fileEncoding = 4; lastKnownFileType = sourcecode.c.objc; path = SBJsonBase.m; sourceTree = "<group>"; };
		FD0366F911D7DC4F00537A32 /* SBJsonParser.h */ = {isa = PBXFileReference; fileEncoding = 4; lastKnownFileType = sourcecode.c.h; path = SBJsonParser.h; sourceTree = "<group>"; };
		FD0366FA11D7DC4F00537A32 /* SBJsonParser.m */ = {isa = PBXFileReference; fileEncoding = 4; lastKnownFileType = sourcecode.c.objc; path = SBJsonParser.m; sourceTree = "<group>"; };
		FD0366FB11D7DC4F00537A32 /* SBJsonWriter.h */ = {isa = PBXFileReference; fileEncoding = 4; lastKnownFileType = sourcecode.c.h; path = SBJsonWriter.h; sourceTree = "<group>"; };
		FD0366FC11D7DC4F00537A32 /* SBJsonWriter.m */ = {isa = PBXFileReference; fileEncoding = 4; lastKnownFileType = sourcecode.c.objc; path = SBJsonWriter.m; sourceTree = "<group>"; };
		FD03670A11D7E04C00537A32 /* UIKit.framework */ = {isa = PBXFileReference; lastKnownFileType = wrapper.framework; name = UIKit.framework; path = System/Library/Frameworks/UIKit.framework; sourceTree = SDKROOT; };
		FDC7DE6C11D8EE6D00F22564 /* libmegaphone.a */ = {isa = PBXFileReference; explicitFileType = archive.ar; includeInIndex = 0; path = libmegaphone.a; sourceTree = BUILT_PRODUCTS_DIR; };
/* End PBXFileReference section */

/* Begin PBXFrameworksBuildPhase section */
		D2AAC07C0554694100DB518D /* Frameworks */ = {
			isa = PBXFrameworksBuildPhase;
			buildActionMask = 2147483647;
			files = (
				AACBBE4A0F95108600F1A2B1 /* Foundation.framework in Frameworks */,
				FD03670B11D7E04C00537A32 /* UIKit.framework in Frameworks */,
			);
			runOnlyForDeploymentPostprocessing = 0;
		};
		FDC7DE6611D8EE6D00F22564 /* Frameworks */ = {
			isa = PBXFrameworksBuildPhase;
			buildActionMask = 2147483647;
			files = (
				FDC7DE6711D8EE6D00F22564 /* Foundation.framework in Frameworks */,
				FDC7DE6811D8EE6D00F22564 /* UIKit.framework in Frameworks */,
			);
			runOnlyForDeploymentPostprocessing = 0;
		};
/* End PBXFrameworksBuildPhase section */

/* Begin PBXGroup section */
		034768DFFF38A50411DB9C8B /* Products */ = {
			isa = PBXGroup;
			children = (
				D2AAC07E0554694100DB518D /* libmegaphone.a */,
				FDC7DE6C11D8EE6D00F22564 /* libmegaphone.a */,
			);
			name = Products;
			sourceTree = "<group>";
		};
		0867D691FE84028FC02AAC07 /* megaphone */ = {
			isa = PBXGroup;
			children = (
				08FB77AEFE84172EC02AAC07 /* Classes */,
				32C88DFF0371C24200C91783 /* Other Sources */,
				0867D69AFE84028FC02AAC07 /* Frameworks */,
				034768DFFF38A50411DB9C8B /* Products */,
			);
			name = megaphone;
			sourceTree = "<group>";
		};
		0867D69AFE84028FC02AAC07 /* Frameworks */ = {
			isa = PBXGroup;
			children = (
				AACBBE490F95108600F1A2B1 /* Foundation.framework */,
				FD03670A11D7E04C00537A32 /* UIKit.framework */,
			);
			name = Frameworks;
			sourceTree = "<group>";
		};
		08FB77AEFE84172EC02AAC07 /* Classes */ = {
			isa = PBXGroup;
			children = (
				FD0366EB11D7DBFB00537A32 /* MPNotification.h */,
				FD0366EC11D7DBFB00537A32 /* MPNotification.m */,
			);
			name = Classes;
			sourceTree = "<group>";
		};
		32C88DFF0371C24200C91783 /* Other Sources */ = {
			isa = PBXGroup;
			children = (
				FD0366EF11D7DC4F00537A32 /* JSON */,
				AA747D9E0F9514B9006C5449 /* megaphone_Prefix.pch */,
			);
			name = "Other Sources";
			sourceTree = "<group>";
		};
		FD0366EF11D7DC4F00537A32 /* JSON */ = {
			isa = PBXGroup;
			children = (
				FD0366F011D7DC4F00537A32 /* JSON.h */,
				FD0366F111D7DC4F00537A32 /* NSObject+SBJSON.h */,
				FD0366F211D7DC4F00537A32 /* NSObject+SBJSON.m */,
				FD0366F311D7DC4F00537A32 /* NSString+SBJSON.h */,
				FD0366F411D7DC4F00537A32 /* NSString+SBJSON.m */,
				FD0366F511D7DC4F00537A32 /* SBJSON.h */,
				FD0366F611D7DC4F00537A32 /* SBJSON.m */,
				FD0366F711D7DC4F00537A32 /* SBJsonBase.h */,
				FD0366F811D7DC4F00537A32 /* SBJsonBase.m */,
				FD0366F911D7DC4F00537A32 /* SBJsonParser.h */,
				FD0366FA11D7DC4F00537A32 /* SBJsonParser.m */,
				FD0366FB11D7DC4F00537A32 /* SBJsonWriter.h */,
				FD0366FC11D7DC4F00537A32 /* SBJsonWriter.m */,
			);
			path = JSON;
			sourceTree = "<group>";
		};
/* End PBXGroup section */

/* Begin PBXHeadersBuildPhase section */
		D2AAC07A0554694100DB518D /* Headers */ = {
			isa = PBXHeadersBuildPhase;
			buildActionMask = 2147483647;
			files = (
				AA747D9F0F9514B9006C5449 /* megaphone_Prefix.pch in Headers */,
				FD0366ED11D7DBFB00537A32 /* MPNotification.h in Headers */,
				FD0366FD11D7DC4F00537A32 /* JSON.h in Headers */,
				FD0366FE11D7DC4F00537A32 /* NSObject+SBJSON.h in Headers */,
				FD03670011D7DC4F00537A32 /* NSString+SBJSON.h in Headers */,
				FD03670211D7DC4F00537A32 /* SBJSON.h in Headers */,
				FD03670411D7DC4F00537A32 /* SBJsonBase.h in Headers */,
				FD03670611D7DC4F00537A32 /* SBJsonParser.h in Headers */,
				FD03670811D7DC4F00537A32 /* SBJsonWriter.h in Headers */,
			);
			runOnlyForDeploymentPostprocessing = 0;
		};
		FDC7DE5411D8EE6D00F22564 /* Headers */ = {
			isa = PBXHeadersBuildPhase;
			buildActionMask = 2147483647;
			files = (
				FDC7DE5511D8EE6D00F22564 /* megaphone_Prefix.pch in Headers */,
				FDC7DE5611D8EE6D00F22564 /* MPNotification.h in Headers */,
				FDC7DE5711D8EE6D00F22564 /* JSON.h in Headers */,
				FDC7DE5811D8EE6D00F22564 /* NSObject+SBJSON.h in Headers */,
				FDC7DE5911D8EE6D00F22564 /* NSString+SBJSON.h in Headers */,
				FDC7DE5A11D8EE6D00F22564 /* SBJSON.h in Headers */,
				FDC7DE5B11D8EE6D00F22564 /* SBJsonBase.h in Headers */,
				FDC7DE5C11D8EE6D00F22564 /* SBJsonParser.h in Headers */,
				FDC7DE5D11D8EE6D00F22564 /* SBJsonWriter.h in Headers */,
			);
			runOnlyForDeploymentPostprocessing = 0;
		};
/* End PBXHeadersBuildPhase section */

/* Begin PBXNativeTarget section */
		D2AAC07D0554694100DB518D /* megaphone-dev */ = {
			isa = PBXNativeTarget;
			buildConfigurationList = 1DEB921E08733DC00010E9CD /* Build configuration list for PBXNativeTarget "megaphone-dev" */;
			buildPhases = (
				D2AAC07A0554694100DB518D /* Headers */,
				D2AAC07B0554694100DB518D /* Sources */,
				D2AAC07C0554694100DB518D /* Frameworks */,
			);
			buildRules = (
			);
			dependencies = (
			);
			name = "megaphone-dev";
			productName = megaphone;
			productReference = D2AAC07E0554694100DB518D /* libmegaphone.a */;
			productType = "com.apple.product-type.library.static";
		};
		FDC7DE5311D8EE6D00F22564 /* megaphone-sim */ = {
			isa = PBXNativeTarget;
			buildConfigurationList = FDC7DE6911D8EE6D00F22564 /* Build configuration list for PBXNativeTarget "megaphone-sim" */;
			buildPhases = (
				FDC7DE5411D8EE6D00F22564 /* Headers */,
				FDC7DE5E11D8EE6D00F22564 /* Sources */,
				FDC7DE6611D8EE6D00F22564 /* Frameworks */,
			);
			buildRules = (
			);
			dependencies = (
			);
			name = "megaphone-sim";
			productName = megaphone;
			productReference = FDC7DE6C11D8EE6D00F22564 /* libmegaphone.a */;
			productType = "com.apple.product-type.library.static";
		};
/* End PBXNativeTarget section */

/* Begin PBXProject section */
		0867D690FE84028FC02AAC07 /* Project object */ = {
			isa = PBXProject;
			buildConfigurationList = 1DEB922208733DC00010E9CD /* Build configuration list for PBXProject "Megaphone" */;
			compatibilityVersion = "Xcode 3.1";
			hasScannedForEncodings = 1;
			mainGroup = 0867D691FE84028FC02AAC07 /* megaphone */;
			productRefGroup = 034768DFFF38A50411DB9C8B /* Products */;
			projectDirPath = "";
			projectRoot = "";
			targets = (
				D2AAC07D0554694100DB518D /* megaphone-dev */,
				FDC7DE5311D8EE6D00F22564 /* megaphone-sim */,
				FDC7DE7E11D8F2D100F22564 /* megaphone */,
			);
		};
/* End PBXProject section */

/* Begin PBXShellScriptBuildPhase section */
		FDC7DE8611D8F2ED00F22564 /* Merge */ = {
			isa = PBXShellScriptBuildPhase;
			buildActionMask = 2147483647;
			files = (
			);
			inputPaths = (
			);
			name = Merge;
			outputPaths = (
			);
			runOnlyForDeploymentPostprocessing = 0;
			shellPath = /bin/sh;
			shellScript = "# make a new output folder\nmkdir -p ${PROJECT_DIR}/build/${BUILD_STYLE}-iphoneos/megaphone\n \n# combine lib files for various platforms into one\nlipo -create \"${PROJECT_DIR}/build/${BUILD_STYLE}-iphoneos/libmegaphone.a\" \"${PROJECT_DIR}/build/${BUILD_STYLE}-iphonesimulator/libmegaphone.a\" -output \"${PROJECT_DIR}/build/${BUILD_STYLE}-iphoneos/megaphone/libmegaphone-${BUILD_STYLE}.a\"";
		};
		FDC7DE9211D8F36500F22564 /* Zip */ = {
			isa = PBXShellScriptBuildPhase;
			buildActionMask = 2147483647;
			files = (
			);
			inputPaths = (
			);
			name = Zip;
			outputPaths = (
			);
			runOnlyForDeploymentPostprocessing = 0;
			shellPath = /bin/sh;
			shellScript = "ditto -c -k --keepParent \"${PROJECT_DIR}/build/${BUILD_STYLE}-iphoneos/megaphone\" \"${PROJECT_DIR}/build/${BUILD_STYLE}-iphoneos/megaphone.zip\"\n";
		};
/* End PBXShellScriptBuildPhase section */

/* Begin PBXSourcesBuildPhase section */
		D2AAC07B0554694100DB518D /* Sources */ = {
			isa = PBXSourcesBuildPhase;
			buildActionMask = 2147483647;
			files = (
				FD0366EE11D7DBFB00537A32 /* MPNotification.m in Sources */,
				FD0366FF11D7DC4F00537A32 /* NSObject+SBJSON.m in Sources */,
				FD03670111D7DC4F00537A32 /* NSString+SBJSON.m in Sources */,
				FD03670311D7DC4F00537A32 /* SBJSON.m in Sources */,
				FD03670511D7DC4F00537A32 /* SBJsonBase.m in Sources */,
				FD03670711D7DC4F00537A32 /* SBJsonParser.m in Sources */,
				FD03670911D7DC4F00537A32 /* SBJsonWriter.m in Sources */,
			);
			runOnlyForDeploymentPostprocessing = 0;
		};
		FDC7DE5E11D8EE6D00F22564 /* Sources */ = {
			isa = PBXSourcesBuildPhase;
			buildActionMask = 2147483647;
			files = (
				FDC7DE5F11D8EE6D00F22564 /* MPNotification.m in Sources */,
				FDC7DE6011D8EE6D00F22564 /* NSObject+SBJSON.m in Sources */,
				FDC7DE6111D8EE6D00F22564 /* NSString+SBJSON.m in Sources */,
				FDC7DE6211D8EE6D00F22564 /* SBJSON.m in Sources */,
				FDC7DE6311D8EE6D00F22564 /* SBJsonBase.m in Sources */,
				FDC7DE6411D8EE6D00F22564 /* SBJsonParser.m in Sources */,
				FDC7DE6511D8EE6D00F22564 /* SBJsonWriter.m in Sources */,
			);
			runOnlyForDeploymentPostprocessing = 0;
		};
/* End PBXSourcesBuildPhase section */

/* Begin PBXTargetDependency section */
		FDC7DE8211D8F2E000F22564 /* PBXTargetDependency */ = {
			isa = PBXTargetDependency;
			target = D2AAC07D0554694100DB518D /* megaphone-dev */;
			targetProxy = FDC7DE8111D8F2E000F22564 /* PBXContainerItemProxy */;
		};
		FDC7DE8411D8F2E000F22564 /* PBXTargetDependency */ = {
			isa = PBXTargetDependency;
			target = FDC7DE5311D8EE6D00F22564 /* megaphone-sim */;
			targetProxy = FDC7DE8311D8F2E000F22564 /* PBXContainerItemProxy */;
		};
/* End PBXTargetDependency section */

/* Begin XCBuildConfiguration section */
		1DEB921F08733DC00010E9CD /* Debug */ = {
			isa = XCBuildConfiguration;
			buildSettings = {
				ALWAYS_SEARCH_USER_PATHS = NO;
				ARCHS = "$(ARCHS_STANDARD_32_BIT)";
				COPY_PHASE_STRIP = NO;
				DSTROOT = /tmp/megaphone.dst;
				GCC_DYNAMIC_NO_PIC = NO;
				GCC_ENABLE_FIX_AND_CONTINUE = YES;
				GCC_MODEL_TUNING = G5;
				GCC_OPTIMIZATION_LEVEL = 0;
				GCC_PRECOMPILE_PREFIX_HEADER = YES;
				GCC_PREFIX_HEADER = megaphone_Prefix.pch;
				INSTALL_PATH = /usr/local/lib;
				PRODUCT_NAME = megaphone;
				SDKROOT = iphoneos3.2;
			};
			name = Debug;
		};
		1DEB922008733DC00010E9CD /* Release */ = {
			isa = XCBuildConfiguration;
			buildSettings = {
				ALWAYS_SEARCH_USER_PATHS = NO;
				ARCHS = "$(ARCHS_STANDARD_32_BIT)";
				DSTROOT = /tmp/megaphone.dst;
				GCC_MODEL_TUNING = G5;
				GCC_PRECOMPILE_PREFIX_HEADER = YES;
				GCC_PREFIX_HEADER = megaphone_Prefix.pch;
				INSTALL_PATH = /usr/local/lib;
				PRODUCT_NAME = megaphone;
				SDKROOT = iphoneos3.2;
			};
			name = Release;
		};
		1DEB922308733DC00010E9CD /* Debug */ = {
			isa = XCBuildConfiguration;
			buildSettings = {
				ARCHS = "$(ARCHS_STANDARD_32_BIT)";
				GCC_C_LANGUAGE_STANDARD = c99;
				GCC_OPTIMIZATION_LEVEL = 0;
				GCC_WARN_ABOUT_RETURN_TYPE = YES;
				GCC_WARN_UNUSED_VARIABLE = YES;
				OTHER_LDFLAGS = "-ObjC";
				PREBINDING = NO;
				SDKROOT = iphoneos3.2;
			};
			name = Debug;
		};
		1DEB922408733DC00010E9CD /* Release */ = {
			isa = XCBuildConfiguration;
			buildSettings = {
				ARCHS = "$(ARCHS_STANDARD_32_BIT)";
				GCC_C_LANGUAGE_STANDARD = c99;
				GCC_WARN_ABOUT_RETURN_TYPE = YES;
				GCC_WARN_UNUSED_VARIABLE = YES;
				OTHER_LDFLAGS = "-ObjC";
				PREBINDING = NO;
				SDKROOT = iphoneos3.2;
			};
			name = Release;
		};
		FDC7DE6A11D8EE6D00F22564 /* Debug */ = {
			isa = XCBuildConfiguration;
			buildSettings = {
				ALWAYS_SEARCH_USER_PATHS = NO;
				ARCHS = "$(ARCHS_STANDARD_32_BIT)";
				COPY_PHASE_STRIP = NO;
				DSTROOT = /tmp/megaphone.dst;
				GCC_DYNAMIC_NO_PIC = NO;
				GCC_ENABLE_FIX_AND_CONTINUE = YES;
				GCC_MODEL_TUNING = G5;
				GCC_OPTIMIZATION_LEVEL = 0;
				GCC_PRECOMPILE_PREFIX_HEADER = YES;
				GCC_PREFIX_HEADER = megaphone_Prefix.pch;
				INSTALL_PATH = /usr/local/lib;
				PRODUCT_NAME = megaphone;
				SDKROOT = iphonesimulator3.2;
			};
			name = Debug;
		};
		FDC7DE6B11D8EE6D00F22564 /* Release */ = {
			isa = XCBuildConfiguration;
			buildSettings = {
				ALWAYS_SEARCH_USER_PATHS = NO;
				ARCHS = "$(ARCHS_STANDARD_32_BIT)";
				DSTROOT = /tmp/megaphone.dst;
				GCC_MODEL_TUNING = G5;
				GCC_PRECOMPILE_PREFIX_HEADER = YES;
				GCC_PREFIX_HEADER = megaphone_Prefix.pch;
				INSTALL_PATH = /usr/local/lib;
				PRODUCT_NAME = megaphone;
				SDKROOT = iphonesimulator3.2;
			};
			name = Release;
		};
		FDC7DE7F11D8F2D100F22564 /* Debug */ = {
			isa = XCBuildConfiguration;
			buildSettings = {
				COPY_PHASE_STRIP = NO;
				GCC_DYNAMIC_NO_PIC = NO;
				GCC_OPTIMIZATION_LEVEL = 0;
				PRODUCT_NAME = megaphone;
			};
			name = Debug;
		};
		FDC7DE8011D8F2D100F22564 /* Release */ = {
			isa = XCBuildConfiguration;
			buildSettings = {
				COPY_PHASE_STRIP = YES;
				DEBUG_INFORMATION_FORMAT = "dwarf-with-dsym";
				GCC_ENABLE_FIX_AND_CONTINUE = NO;
				PRODUCT_NAME = megaphone;
				ZERO_LINK = NO;
			};
			name = Release;
		};
/* End XCBuildConfiguration section */

/* Begin XCConfigurationList section */
		1DEB921E08733DC00010E9CD /* Build configuration list for PBXNativeTarget "megaphone-dev" */ = {
			isa = XCConfigurationList;
			buildConfigurations = (
				1DEB921F08733DC00010E9CD /* Debug */,
				1DEB922008733DC00010E9CD /* Release */,
			);
			defaultConfigurationIsVisible = 0;
			defaultConfigurationName = Release;
		};
		1DEB922208733DC00010E9CD /* Build configuration list for PBXProject "Megaphone" */ = {
			isa = XCConfigurationList;
			buildConfigurations = (
				1DEB922308733DC00010E9CD /* Debug */,
				1DEB922408733DC00010E9CD /* Release */,
			);
			defaultConfigurationIsVisible = 0;
			defaultConfigurationName = Release;
		};
		FDC7DE6911D8EE6D00F22564 /* Build configuration list for PBXNativeTarget "megaphone-sim" */ = {
			isa = XCConfigurationList;
			buildConfigurations = (
				FDC7DE6A11D8EE6D00F22564 /* Debug */,
				FDC7DE6B11D8EE6D00F22564 /* Release */,
			);
			defaultConfigurationIsVisible = 0;
			defaultConfigurationName = Release;
		};
		FDC7DE8A11D8F2F100F22564 /* Build configuration list for PBXAggregateTarget "megaphone" */ = {
			isa = XCConfigurationList;
			buildConfigurations = (
				FDC7DE7F11D8F2D100F22564 /* Debug */,
				FDC7DE8011D8F2D100F22564 /* Release */,
			);
			defaultConfigurationIsVisible = 0;
			defaultConfigurationName = Release;
		};
/* End XCConfigurationList section */
	};
	rootObject = 0867D690FE84028FC02AAC07 /* Project object */;
}
